
Microsoft Visual Studio Solution File, Format Version 12.00
# Visual Studio Version 16
VisualStudioVersion = 16.0.31321.278
MinimumVisualStudioVersion = 10.0.40219.1
Project("{FAE04EC0-301F-11D3-BF4B-00C04F79EFBC}") = "Convertor", "Convertor.csproj", "{7FFFAA71-D0DC-4D78-B82A-76DD8D5A8461}"
EndProject
Global
	GlobalSection(SolutionConfigurationPlatforms) = preSolution
		Debug|Any CPU = Debug|Any CPU
		Release|Any CPU = Release|Any CPU
	EndGlobalSection
	GlobalSection(ProjectConfigurationPlatforms) = postSolution
		{7FFFAA71-D0DC-4D78-B82A-76DD8D5A8461}.Debug|Any CPU.ActiveCfg = Debug|Any CPU
		{7FFFAA71-D0DC-4D78-B82A-76DD8D5A8461}.Debug|Any CPU.Build.0 = Debug|Any CPU
		{7FFFAA71-D0DC-4D78-B82A-76DD8D5A8461}.Release|Any CPU.ActiveCfg = Release|Any CPU
		{7FFFAA71-D0DC-4D78-B82A-76DD8D5A8461}.Release|Any CPU.Build.0 = Release|Any CPU
	EndGlobalSection
	GlobalSection(SolutionProperties) = preSolution
		HideSolutionNode = FALSE
	EndGlobalSection
	GlobalSection(ExtensibilityGlobals) = postSolution
		SolutionGuid = {82585842-9BC1-4996-8114-5C10D5ABA34C}
	EndGlobalSection
EndGlobal
